
Microsoft Visual Studio Solution File, Format Version 12.00
# Visual Studio 15
VisualStudioVersion = 15.0.26228.9
MinimumVisualStudioVersion = 10.0.40219.1
Project("{FAE04EC0-301F-11D3-BF4B-00C04F79EFBC}") = "Guardian.Tests", "Guardian.Tests\Guardian.Tests.csproj", "{E458A9C6-E082-4FFC-BD8B-5C1C08FE1D47}"
EndProject
Project("{FAE04EC0-301F-11D3-BF4B-00C04F79EFBC}") = "Guardian.Library", "Guardian.Library\Guardian.Library.csproj", "{C9265488-4908-47CC-B87D-8A8A3DF0AFDD}"
EndProject
Project("{FAE04EC0-301F-11D3-BF4B-00C04F79EFBC}") = "Guardian.Data", "Guardian.Data\Guardian.Data.csproj", "{14707356-0445-413E-A3F9-198F1EEEF906}"
EndProject
Project("{FAE04EC0-301F-11D3-BF4B-00C04F79EFBC}") = "Guardian.Data.Tests", "Guardian.Data.Tests\Guardian.Data.Tests.csproj", "{2D824B5E-9390-4F4F-B5B8-034F53352F69}"
EndProject
Project("{FAE04EC0-301F-11D3-BF4B-00C04F79EFBC}") = "Guardian.Common", "Guardian.Common\Guardian.Common.csproj", "{55E8086E-A2FC-478A-8DB7-F2F73FEAEDD8}"
EndProject
Project("{FAE04EC0-301F-11D3-BF4B-00C04F79EFBC}") = "Guardian.Web", "Guardian.Web\Guardian.Web.csproj", "{87F1FBA9-3398-49B4-AB64-70A11DA139B9}"
EndProject
Project("{FAE04EC0-301F-11D3-BF4B-00C04F79EFBC}") = "Guardian.Website", "Guardian.Website\Guardian.Website.csproj", "{E37EA1B6-754D-4F62-8B4E-2523270DBA23}"
EndProject
Global
	GlobalSection(SolutionConfigurationPlatforms) = preSolution
		Debug|Any CPU = Debug|Any CPU
		Release|Any CPU = Release|Any CPU
	EndGlobalSection
	GlobalSection(ProjectConfigurationPlatforms) = postSolution
		{E458A9C6-E082-4FFC-BD8B-5C1C08FE1D47}.Debug|Any CPU.ActiveCfg = Debug|Any CPU
		{E458A9C6-E082-4FFC-BD8B-5C1C08FE1D47}.Debug|Any CPU.Build.0 = Debug|Any CPU
		{E458A9C6-E082-4FFC-BD8B-5C1C08FE1D47}.Release|Any CPU.ActiveCfg = Release|Any CPU
		{E458A9C6-E082-4FFC-BD8B-5C1C08FE1D47}.Release|Any CPU.Build.0 = Release|Any CPU
		{C9265488-4908-47CC-B87D-8A8A3DF0AFDD}.Debug|Any CPU.ActiveCfg = Debug|Any CPU
		{C9265488-4908-47CC-B87D-8A8A3DF0AFDD}.Debug|Any CPU.Build.0 = Debug|Any CPU
		{C9265488-4908-47CC-B87D-8A8A3DF0AFDD}.Release|Any CPU.ActiveCfg = Release|Any CPU
		{C9265488-4908-47CC-B87D-8A8A3DF0AFDD}.Release|Any CPU.Build.0 = Release|Any CPU
		{14707356-0445-413E-A3F9-198F1EEEF906}.Debug|Any CPU.ActiveCfg = Debug|Any CPU
		{14707356-0445-413E-A3F9-198F1EEEF906}.Debug|Any CPU.Build.0 = Debug|Any CPU
		{14707356-0445-413E-A3F9-198F1EEEF906}.Release|Any CPU.ActiveCfg = Release|Any CPU
		{14707356-0445-413E-A3F9-198F1EEEF906}.Release|Any CPU.Build.0 = Release|Any CPU
		{2D824B5E-9390-4F4F-B5B8-034F53352F69}.Debug|Any CPU.ActiveCfg = Debug|Any CPU
		{2D824B5E-9390-4F4F-B5B8-034F53352F69}.Debug|Any CPU.Build.0 = Debug|Any CPU
		{2D824B5E-9390-4F4F-B5B8-034F53352F69}.Release|Any CPU.ActiveCfg = Release|Any CPU
		{2D824B5E-9390-4F4F-B5B8-034F53352F69}.Release|Any CPU.Build.0 = Release|Any CPU
		{55E8086E-A2FC-478A-8DB7-F2F73FEAEDD8}.Debug|Any CPU.ActiveCfg = Debug|Any CPU
		{55E8086E-A2FC-478A-8DB7-F2F73FEAEDD8}.Debug|Any CPU.Build.0 = Debug|Any CPU
		{55E8086E-A2FC-478A-8DB7-F2F73FEAEDD8}.Release|Any CPU.ActiveCfg = Release|Any CPU
		{55E8086E-A2FC-478A-8DB7-F2F73FEAEDD8}.Release|Any CPU.Build.0 = Release|Any CPU
		{87F1FBA9-3398-49B4-AB64-70A11DA139B9}.Debug|Any CPU.ActiveCfg = Debug|Any CPU
		{87F1FBA9-3398-49B4-AB64-70A11DA139B9}.Debug|Any CPU.Build.0 = Debug|Any CPU
		{87F1FBA9-3398-49B4-AB64-70A11DA139B9}.Release|Any CPU.ActiveCfg = Release|Any CPU
		{87F1FBA9-3398-49B4-AB64-70A11DA139B9}.Release|Any CPU.Build.0 = Release|Any CPU
		{E37EA1B6-754D-4F62-8B4E-2523270DBA23}.Debug|Any CPU.ActiveCfg = Debug|Any CPU
		{E37EA1B6-754D-4F62-8B4E-2523270DBA23}.Debug|Any CPU.Build.0 = Debug|Any CPU
		{E37EA1B6-754D-4F62-8B4E-2523270DBA23}.Release|Any CPU.ActiveCfg = Release|Any CPU
		{E37EA1B6-754D-4F62-8B4E-2523270DBA23}.Release|Any CPU.Build.0 = Release|Any CPU
	EndGlobalSection
	GlobalSection(SolutionProperties) = preSolution
		HideSolutionNode = FALSE
	EndGlobalSection
EndGlobal
